
Microsoft Visual Studio Solution File, Format Version 12.00
# Visual Studio Version 17
VisualStudioVersion = 17.0.31521.260
MinimumVisualStudioVersion = 10.0.40219.1
Project("{FAE04EC0-301F-11D3-BF4B-00C04F79EFBC}") = "OOP Lab№8", "OOP Lab№8\OOP Lab№8.csproj", "{6E8A86EB-3071-4A2F-8A48-6DDE12DA883D}"
EndProject
Global
	GlobalSection(SolutionConfigurationPlatforms) = preSolution
		Debug|Any CPU = Debug|Any CPU
		Release|Any CPU = Release|Any CPU
	EndGlobalSection
	GlobalSection(ProjectConfigurationPlatforms) = postSolution
		{6E8A86EB-3071-4A2F-8A48-6DDE12DA883D}.Debug|Any CPU.ActiveCfg = Debug|Any CPU
		{6E8A86EB-3071-4A2F-8A48-6DDE12DA883D}.Debug|Any CPU.Build.0 = Debug|Any CPU
		{6E8A86EB-3071-4A2F-8A48-6DDE12DA883D}.Release|Any CPU.ActiveCfg = Release|Any CPU
		{6E8A86EB-3071-4A2F-8A48-6DDE12DA883D}.Release|Any CPU.Build.0 = Release|Any CPU
	EndGlobalSection
	GlobalSection(SolutionProperties) = preSolution
		HideSolutionNode = FALSE
	EndGlobalSection
	GlobalSection(ExtensibilityGlobals) = postSolution
		SolutionGuid = {0FC03BEA-4742-4F6C-B20B-061681442D4B}
	EndGlobalSection
EndGlobal
